
Microsoft Visual Studio Solution File, Format Version 12.00
# Visual Studio Version 16
VisualStudioVersion = 16.0.31205.134
MinimumVisualStudioVersion = 10.0.40219.1
Project("{9A19103F-16F7-4668-BE54-9A1E7A4F7556}") = "LanguageApp", "LanguageApp\LanguageApp.csproj", "{657C3E1D-A328-4F85-9F33-AF8B8A14FFFC}"
EndProject
Project("{9A19103F-16F7-4668-BE54-9A1E7A4F7556}") = "LanguageAppML.Model", "LanguageAppML.Model\LanguageAppML.Model.csproj", "{996027FF-5292-44F7-98AF-1234FA6562D8}"
EndProject
Project("{9A19103F-16F7-4668-BE54-9A1E7A4F7556}") = "LanguageAppML.ConsoleApp", "LanguageAppML.ConsoleApp\LanguageAppML.ConsoleApp.csproj", "{0FA9D1A3-0F17-4F3C-B63B-33267DA2ADA1}"
EndProject
Global
	GlobalSection(SolutionConfigurationPlatforms) = preSolution
		Debug|Any CPU = Debug|Any CPU
		Release|Any CPU = Release|Any CPU
	EndGlobalSection
	GlobalSection(ProjectConfigurationPlatforms) = postSolution
		{657C3E1D-A328-4F85-9F33-AF8B8A14FFFC}.Debug|Any CPU.ActiveCfg = Debug|Any CPU
		{657C3E1D-A328-4F85-9F33-AF8B8A14FFFC}.Debug|Any CPU.Build.0 = Debug|Any CPU
		{657C3E1D-A328-4F85-9F33-AF8B8A14FFFC}.Release|Any CPU.ActiveCfg = Release|Any CPU
		{657C3E1D-A328-4F85-9F33-AF8B8A14FFFC}.Release|Any CPU.Build.0 = Release|Any CPU
		{996027FF-5292-44F7-98AF-1234FA6562D8}.Debug|Any CPU.ActiveCfg = Debug|Any CPU
		{996027FF-5292-44F7-98AF-1234FA6562D8}.Debug|Any CPU.Build.0 = Debug|Any CPU
		{996027FF-5292-44F7-98AF-1234FA6562D8}.Release|Any CPU.ActiveCfg = Release|Any CPU
		{996027FF-5292-44F7-98AF-1234FA6562D8}.Release|Any CPU.Build.0 = Release|Any CPU
		{0FA9D1A3-0F17-4F3C-B63B-33267DA2ADA1}.Debug|Any CPU.ActiveCfg = Debug|Any CPU
		{0FA9D1A3-0F17-4F3C-B63B-33267DA2ADA1}.Debug|Any CPU.Build.0 = Debug|Any CPU
		{0FA9D1A3-0F17-4F3C-B63B-33267DA2ADA1}.Release|Any CPU.ActiveCfg = Release|Any CPU
		{0FA9D1A3-0F17-4F3C-B63B-33267DA2ADA1}.Release|Any CPU.Build.0 = Release|Any CPU
	EndGlobalSection
	GlobalSection(SolutionProperties) = preSolution
		HideSolutionNode = FALSE
	EndGlobalSection
	GlobalSection(ExtensibilityGlobals) = postSolution
		SolutionGuid = {8FCA5C85-2934-4762-83E8-898555E3E4E8}
	EndGlobalSection
EndGlobal
